{
  "name": "marusia-framework",
  "version": "1.0.0",
  "lockfileVersion": 1,
  "requires": true,
  "dependencies": {
    "modernizr-loader": {
      "version": "git+https://github.com/AliakseyenkaIhar/modernizrrc-loader.git#e93d8f70175ec19518d61c0ded1389934c65619d",
      "from": "git+https://github.com/AliakseyenkaIhar/modernizrrc-loader.git",
      "dev": true
    }
  }
}
